// !$*UTF8*$!
{
	archiveVersion = 1;
	classes = {
	};
	objectVersion = 50;
	objects = {

/* Begin PBXBuildFile section */
		FB12F13522367E0A0018B475 /* TaskCellTests.swift in Sources */ = {isa = PBXBuildFile; fileRef = FB12F13422367E0A0018B475 /* TaskCellTests.swift */; };
		FB12F14422378DB70018B475 /* DetailViewControllerTests.swift in Sources */ = {isa = PBXBuildFile; fileRef = FB12F14322378DB70018B475 /* DetailViewControllerTests.swift */; };
		FB12F14622378E750018B475 /* DetailViewController.swift in Sources */ = {isa = PBXBuildFile; fileRef = FB12F14522378E750018B475 /* DetailViewController.swift */; };
		FB23A5D3222FB91C0096C5E0 /* AppDelegate.swift in Sources */ = {isa = PBXBuildFile; fileRef = FB23A5D2222FB91C0096C5E0 /* AppDelegate.swift */; };
		FB23A5D5222FB91C0096C5E0 /* TaskListViewController.swift in Sources */ = {isa = PBXBuildFile; fileRef = FB23A5D4222FB91C0096C5E0 /* TaskListViewController.swift */; };
		FB23A5D8222FB91C0096C5E0 /* Main.storyboard in Resources */ = {isa = PBXBuildFile; fileRef = FB23A5D6222FB91C0096C5E0 /* Main.storyboard */; };
		FB23A5DA222FB91C0096C5E0 /* Assets.xcassets in Resources */ = {isa = PBXBuildFile; fileRef = FB23A5D9222FB91C0096C5E0 /* Assets.xcassets */; };
		FB23A5DD222FB91C0096C5E0 /* LaunchScreen.storyboard in Resources */ = {isa = PBXBuildFile; fileRef = FB23A5DB222FB91C0096C5E0 /* LaunchScreen.storyboard */; };
		FB23A5E8222FB91D0096C5E0 /* ToDoAppTests.swift in Sources */ = {isa = PBXBuildFile; fileRef = FB23A5E7222FB91D0096C5E0 /* ToDoAppTests.swift */; };
		FB23A5F3222FB91D0096C5E0 /* ToDoAppUITests.swift in Sources */ = {isa = PBXBuildFile; fileRef = FB23A5F2222FB91D0096C5E0 /* ToDoAppUITests.swift */; };
		FB23A605222FD6D00096C5E0 /* TaskTest.swift in Sources */ = {isa = PBXBuildFile; fileRef = FB23A604222FD6D00096C5E0 /* TaskTest.swift */; };
		FB23A608222FD75C0096C5E0 /* Task.swift in Sources */ = {isa = PBXBuildFile; fileRef = FB23A607222FD75C0096C5E0 /* Task.swift */; };
		FB23A60A222FDACD0096C5E0 /* Location.swift in Sources */ = {isa = PBXBuildFile; fileRef = FB23A609222FDACD0096C5E0 /* Location.swift */; };
		FB23A60C2230F58E0096C5E0 /* LocationTests.swift in Sources */ = {isa = PBXBuildFile; fileRef = FB23A60B2230F58E0096C5E0 /* LocationTests.swift */; };
		FB23A60F2230F9330096C5E0 /* TaskManagerTests.swift in Sources */ = {isa = PBXBuildFile; fileRef = FB23A60E2230F9330096C5E0 /* TaskManagerTests.swift */; };
		FB23A6122230F9C20096C5E0 /* TaskManager.swift in Sources */ = {isa = PBXBuildFile; fileRef = FB23A6112230F9C20096C5E0 /* TaskManager.swift */; };
		FB23A615223103A00096C5E0 /* TaskListViewControllerTests.swift in Sources */ = {isa = PBXBuildFile; fileRef = FB23A614223103A00096C5E0 /* TaskListViewControllerTests.swift */; };
		FB23A617223107050096C5E0 /* DataProvider.swift in Sources */ = {isa = PBXBuildFile; fileRef = FB23A616223107050096C5E0 /* DataProvider.swift */; };
		FB23A619223126A90096C5E0 /* DataProviderTests.swift in Sources */ = {isa = PBXBuildFile; fileRef = FB23A618223126A90096C5E0 /* DataProviderTests.swift */; };
		FB23A61B22312E9E0096C5E0 /* TaskCell.swift in Sources */ = {isa = PBXBuildFile; fileRef = FB23A61A22312E9E0096C5E0 /* TaskCell.swift */; };
		FB9505882237ACAC00DB4928 /* NewTaskViewControllerTests.swift in Sources */ = {isa = PBXBuildFile; fileRef = FB9505872237ACAC00DB4928 /* NewTaskViewControllerTests.swift */; };
		FB95058A2237ADDB00DB4928 /* NewTaskViewController.swift in Sources */ = {isa = PBXBuildFile; fileRef = FB9505892237ADDB00DB4928 /* NewTaskViewController.swift */; };
/* End PBXBuildFile section */

/* Begin PBXContainerItemProxy section */
		FB23A5E4222FB91D0096C5E0 /* PBXContainerItemProxy */ = {
			isa = PBXContainerItemProxy;
			containerPortal = FB23A5C7222FB91C0096C5E0 /* Project object */;
			proxyType = 1;
			remoteGlobalIDString = FB23A5CE222FB91C0096C5E0;
			remoteInfo = ToDoApp;
		};
		FB23A5EF222FB91D0096C5E0 /* PBXContainerItemProxy */ = {
			isa = PBXContainerItemProxy;
			containerPortal = FB23A5C7222FB91C0096C5E0 /* Project object */;
			proxyType = 1;
			remoteGlobalIDString = FB23A5CE222FB91C0096C5E0;
			remoteInfo = ToDoApp;
		};
/* End PBXContainerItemProxy section */

/* Begin PBXFileReference section */
		FB12F13422367E0A0018B475 /* TaskCellTests.swift */ = {isa = PBXFileReference; lastKnownFileType = sourcecode.swift; path = TaskCellTests.swift; sourceTree = "<group>"; };
		FB12F14322378DB70018B475 /* DetailViewControllerTests.swift */ = {isa = PBXFileReference; lastKnownFileType = sourcecode.swift; path = DetailViewControllerTests.swift; sourceTree = "<group>"; };
		FB12F14522378E750018B475 /* DetailViewController.swift */ = {isa = PBXFileReference; lastKnownFileType = sourcecode.swift; path = DetailViewController.swift; sourceTree = "<group>"; };
		FB23A5CF222FB91C0096C5E0 /* ToDoApp.app */ = {isa = PBXFileReference; explicitFileType = wrapper.application; includeInIndex = 0; path = ToDoApp.app; sourceTree = BUILT_PRODUCTS_DIR; };
		FB23A5D2222FB91C0096C5E0 /* AppDelegate.swift */ = {isa = PBXFileReference; lastKnownFileType = sourcecode.swift; path = AppDelegate.swift; sourceTree = "<group>"; };
		FB23A5D4222FB91C0096C5E0 /* TaskListViewController.swift */ = {isa = PBXFileReference; lastKnownFileType = sourcecode.swift; path = TaskListViewController.swift; sourceTree = "<group>"; };
		FB23A5D7222FB91C0096C5E0 /* Base */ = {isa = PBXFileReference; lastKnownFileType = file.storyboard; name = Base; path = Base.lproj/Main.storyboard; sourceTree = "<group>"; };
		FB23A5D9222FB91C0096C5E0 /* Assets.xcassets */ = {isa = PBXFileReference; lastKnownFileType = folder.assetcatalog; path = Assets.xcassets; sourceTree = "<group>"; };
		FB23A5DC222FB91C0096C5E0 /* Base */ = {isa = PBXFileReference; lastKnownFileType = file.storyboard; name = Base; path = Base.lproj/LaunchScreen.storyboard; sourceTree = "<group>"; };
		FB23A5DE222FB91C0096C5E0 /* Info.plist */ = {isa = PBXFileReference; lastKnownFileType = text.plist.xml; path = Info.plist; sourceTree = "<group>"; };
		FB23A5E3222FB91D0096C5E0 /* ToDoAppTests.xctest */ = {isa = PBXFileReference; explicitFileType = wrapper.cfbundle; includeInIndex = 0; path = ToDoAppTests.xctest; sourceTree = BUILT_PRODUCTS_DIR; };
		FB23A5E7222FB91D0096C5E0 /* ToDoAppTests.swift */ = {isa = PBXFileReference; lastKnownFileType = sourcecode.swift; path = ToDoAppTests.swift; sourceTree = "<group>"; };
		FB23A5E9222FB91D0096C5E0 /* Info.plist */ = {isa = PBXFileReference; lastKnownFileType = text.plist.xml; path = Info.plist; sourceTree = "<group>"; };
		FB23A5EE222FB91D0096C5E0 /* ToDoAppUITests.xctest */ = {isa = PBXFileReference; explicitFileType = wrapper.cfbundle; includeInIndex = 0; path = ToDoAppUITests.xctest; sourceTree = BUILT_PRODUCTS_DIR; };
		FB23A5F2222FB91D0096C5E0 /* ToDoAppUITests.swift */ = {isa = PBXFileReference; lastKnownFileType = sourcecode.swift; path = ToDoAppUITests.swift; sourceTree = "<group>"; };
		FB23A5F4222FB91D0096C5E0 /* Info.plist */ = {isa = PBXFileReference; lastKnownFileType = text.plist.xml; path = Info.plist; sourceTree = "<group>"; };
		FB23A604222FD6D00096C5E0 /* TaskTest.swift */ = {isa = PBXFileReference; lastKnownFileType = sourcecode.swift; path = TaskTest.swift; sourceTree = "<group>"; };
		FB23A607222FD75C0096C5E0 /* Task.swift */ = {isa = PBXFileReference; lastKnownFileType = sourcecode.swift; path = Task.swift; sourceTree = "<group>"; };
		FB23A609222FDACD0096C5E0 /* Location.swift */ = {isa = PBXFileReference; lastKnownFileType = sourcecode.swift; path = Location.swift; sourceTree = "<group>"; };
		FB23A60B2230F58E0096C5E0 /* LocationTests.swift */ = {isa = PBXFileReference; lastKnownFileType = sourcecode.swift; path = LocationTests.swift; sourceTree = "<group>"; };
		FB23A60E2230F9330096C5E0 /* TaskManagerTests.swift */ = {isa = PBXFileReference; lastKnownFileType = sourcecode.swift; path = TaskManagerTests.swift; sourceTree = "<group>"; };
		FB23A6112230F9C20096C5E0 /* TaskManager.swift */ = {isa = PBXFileReference; lastKnownFileType = sourcecode.swift; path = TaskManager.swift; sourceTree = "<group>"; };
		FB23A614223103A00096C5E0 /* TaskListViewControllerTests.swift */ = {isa = PBXFileReference; lastKnownFileType = sourcecode.swift; path = TaskListViewControllerTests.swift; sourceTree = "<group>"; };
		FB23A616223107050096C5E0 /* DataProvider.swift */ = {isa = PBXFileReference; lastKnownFileType = sourcecode.swift; path = DataProvider.swift; sourceTree = "<group>"; };
		FB23A618223126A90096C5E0 /* DataProviderTests.swift */ = {isa = PBXFileReference; lastKnownFileType = sourcecode.swift; path = DataProviderTests.swift; sourceTree = "<group>"; };
		FB23A61A22312E9E0096C5E0 /* TaskCell.swift */ = {isa = PBXFileReference; lastKnownFileType = sourcecode.swift; path = TaskCell.swift; sourceTree = "<group>"; };
		FB9505872237ACAC00DB4928 /* NewTaskViewControllerTests.swift */ = {isa = PBXFileReference; lastKnownFileType = sourcecode.swift; path = NewTaskViewControllerTests.swift; sourceTree = "<group>"; };
		FB9505892237ADDB00DB4928 /* NewTaskViewController.swift */ = {isa = PBXFileReference; lastKnownFileType = sourcecode.swift; path = NewTaskViewController.swift; sourceTree = "<group>"; };
/* End PBXFileReference section */

/* Begin PBXFrameworksBuildPhase section */
		FB23A5CC222FB91C0096C5E0 /* Frameworks */ = {
			isa = PBXFrameworksBuildPhase;
			buildActionMask = 2147483647;
			files = (
			);
			runOnlyForDeploymentPostprocessing = 0;
		};
		FB23A5E0222FB91D0096C5E0 /* Frameworks */ = {
			isa = PBXFrameworksBuildPhase;
			buildActionMask = 2147483647;
			files = (
			);
			runOnlyForDeploymentPostprocessing = 0;
		};
		FB23A5EB222FB91D0096C5E0 /* Frameworks */ = {
			isa = PBXFrameworksBuildPhase;
			buildActionMask = 2147483647;
			files = (
			);
			runOnlyForDeploymentPostprocessing = 0;
		};
/* End PBXFrameworksBuildPhase section */

/* Begin PBXGroup section */
		FB12F13322367DE20018B475 /* View */ = {
			isa = PBXGroup;
			children = (
				FB12F13422367E0A0018B475 /* TaskCellTests.swift */,
			);
			path = View;
			sourceTree = "<group>";
		};
		FB23A5C6222FB91C0096C5E0 = {
			isa = PBXGroup;
			children = (
				FB23A5D1222FB91C0096C5E0 /* ToDoApp */,
				FB23A5E6222FB91D0096C5E0 /* ToDoAppTests */,
				FB23A5F1222FB91D0096C5E0 /* ToDoAppUITests */,
				FB23A5D0222FB91C0096C5E0 /* Products */,
			);
			sourceTree = "<group>";
		};
		FB23A5D0222FB91C0096C5E0 /* Products */ = {
			isa = PBXGroup;
			children = (
				FB23A5CF222FB91C0096C5E0 /* ToDoApp.app */,
				FB23A5E3222FB91D0096C5E0 /* ToDoAppTests.xctest */,
				FB23A5EE222FB91D0096C5E0 /* ToDoAppUITests.xctest */,
			);
			name = Products;
			sourceTree = "<group>";
		};
		FB23A5D1222FB91C0096C5E0 /* ToDoApp */ = {
			isa = PBXGroup;
			children = (
				FB23A6102230F9AA0096C5E0 /* Manager */,
				FB23A602222FB9470096C5E0 /* Controller */,
				FB23A601222FB93F0096C5E0 /* View */,
				FB23A600222FB9340096C5E0 /* Model */,
				FB23A603222FB9630096C5E0 /* Supporting files */,
			);
			path = ToDoApp;
			sourceTree = "<group>";
		};
		FB23A5E6222FB91D0096C5E0 /* ToDoAppTests */ = {
			isa = PBXGroup;
			children = (
				FB12F13322367DE20018B475 /* View */,
				FB23A613223103790096C5E0 /* Controller */,
				FB23A60D2230F90F0096C5E0 /* Manager */,
				FB23A5E7222FB91D0096C5E0 /* ToDoAppTests.swift */,
				FB23A5E9222FB91D0096C5E0 /* Info.plist */,
				FB23A606222FD6E40096C5E0 /* Model */,
			);
			path = ToDoAppTests;
			sourceTree = "<group>";
		};
		FB23A5F1222FB91D0096C5E0 /* ToDoAppUITests */ = {
			isa = PBXGroup;
			children = (
				FB23A5F2222FB91D0096C5E0 /* ToDoAppUITests.swift */,
				FB23A5F4222FB91D0096C5E0 /* Info.plist */,
			);
			path = ToDoAppUITests;
			sourceTree = "<group>";
		};
		FB23A600222FB9340096C5E0 /* Model */ = {
			isa = PBXGroup;
			children = (
				FB23A607222FD75C0096C5E0 /* Task.swift */,
				FB23A609222FDACD0096C5E0 /* Location.swift */,
			);
			path = Model;
			sourceTree = "<group>";
		};
		FB23A601222FB93F0096C5E0 /* View */ = {
			isa = PBXGroup;
			children = (
				FB23A61A22312E9E0096C5E0 /* TaskCell.swift */,
			);
			path = View;
			sourceTree = "<group>";
		};
		FB23A602222FB9470096C5E0 /* Controller */ = {
			isa = PBXGroup;
			children = (
				FB23A5D4222FB91C0096C5E0 /* TaskListViewController.swift */,
				FB23A616223107050096C5E0 /* DataProvider.swift */,
				FB12F14522378E750018B475 /* DetailViewController.swift */,
				FB9505892237ADDB00DB4928 /* NewTaskViewController.swift */,
			);
			path = Controller;
			sourceTree = "<group>";
		};
		FB23A603222FB9630096C5E0 /* Supporting files */ = {
			isa = PBXGroup;
			children = (
				FB23A5D2222FB91C0096C5E0 /* AppDelegate.swift */,
				FB23A5D6222FB91C0096C5E0 /* Main.storyboard */,
				FB23A5D9222FB91C0096C5E0 /* Assets.xcassets */,
				FB23A5DB222FB91C0096C5E0 /* LaunchScreen.storyboard */,
				FB23A5DE222FB91C0096C5E0 /* Info.plist */,
			);
			path = "Supporting files";
			sourceTree = "<group>";
		};
		FB23A606222FD6E40096C5E0 /* Model */ = {
			isa = PBXGroup;
			children = (
				FB23A604222FD6D00096C5E0 /* TaskTest.swift */,
				FB23A60B2230F58E0096C5E0 /* LocationTests.swift */,
			);
			path = Model;
			sourceTree = "<group>";
		};
		FB23A60D2230F90F0096C5E0 /* Manager */ = {
			isa = PBXGroup;
			children = (
				FB23A60E2230F9330096C5E0 /* TaskManagerTests.swift */,
			);
			path = Manager;
			sourceTree = "<group>";
		};
		FB23A6102230F9AA0096C5E0 /* Manager */ = {
			isa = PBXGroup;
			children = (
				FB23A6112230F9C20096C5E0 /* TaskManager.swift */,
			);
			path = Manager;
			sourceTree = "<group>";
		};
		FB23A613223103790096C5E0 /* Controller */ = {
			isa = PBXGroup;
			children = (
				FB23A614223103A00096C5E0 /* TaskListViewControllerTests.swift */,
				FB23A618223126A90096C5E0 /* DataProviderTests.swift */,
				FB12F14322378DB70018B475 /* DetailViewControllerTests.swift */,
				FB9505872237ACAC00DB4928 /* NewTaskViewControllerTests.swift */,
			);
			path = Controller;
			sourceTree = "<group>";
		};
/* End PBXGroup section */

/* Begin PBXNativeTarget section */
		FB23A5CE222FB91C0096C5E0 /* ToDoApp */ = {
			isa = PBXNativeTarget;
			buildConfigurationList = FB23A5F7222FB91D0096C5E0 /* Build configuration list for PBXNativeTarget "ToDoApp" */;
			buildPhases = (
				FB23A5CB222FB91C0096C5E0 /* Sources */,
				FB23A5CC222FB91C0096C5E0 /* Frameworks */,
				FB23A5CD222FB91C0096C5E0 /* Resources */,
			);
			buildRules = (
			);
			dependencies = (
			);
			name = ToDoApp;
			productName = ToDoApp;
			productReference = FB23A5CF222FB91C0096C5E0 /* ToDoApp.app */;
			productType = "com.apple.product-type.application";
		};
		FB23A5E2222FB91D0096C5E0 /* ToDoAppTests */ = {
			isa = PBXNativeTarget;
			buildConfigurationList = FB23A5FA222FB91D0096C5E0 /* Build configuration list for PBXNativeTarget "ToDoAppTests" */;
			buildPhases = (
				FB23A5DF222FB91D0096C5E0 /* Sources */,
				FB23A5E0222FB91D0096C5E0 /* Frameworks */,
				FB23A5E1222FB91D0096C5E0 /* Resources */,
			);
			buildRules = (
			);
			dependencies = (
				FB23A5E5222FB91D0096C5E0 /* PBXTargetDependency */,
			);
			name = ToDoAppTests;
			productName = ToDoAppTests;
			productReference = FB23A5E3222FB91D0096C5E0 /* ToDoAppTests.xctest */;
			productType = "com.apple.product-type.bundle.unit-test";
		};
		FB23A5ED222FB91D0096C5E0 /* ToDoAppUITests */ = {
			isa = PBXNativeTarget;
			buildConfigurationList = FB23A5FD222FB91D0096C5E0 /* Build configuration list for PBXNativeTarget "ToDoAppUITests" */;
			buildPhases = (
				FB23A5EA222FB91D0096C5E0 /* Sources */,
				FB23A5EB222FB91D0096C5E0 /* Frameworks */,
				FB23A5EC222FB91D0096C5E0 /* Resources */,
			);
			buildRules = (
			);
			dependencies = (
				FB23A5F0222FB91D0096C5E0 /* PBXTargetDependency */,
			);
			name = ToDoAppUITests;
			productName = ToDoAppUITests;
			productReference = FB23A5EE222FB91D0096C5E0 /* ToDoAppUITests.xctest */;
			productType = "com.apple.product-type.bundle.ui-testing";
		};
/* End PBXNativeTarget section */

/* Begin PBXProject section */
		FB23A5C7222FB91C0096C5E0 /* Project object */ = {
			isa = PBXProject;
			attributes = {
				LastSwiftUpdateCheck = 1010;
				LastUpgradeCheck = 1010;
				ORGANIZATIONNAME = "Michail Bondarenko";
				TargetAttributes = {
					FB23A5CE222FB91C0096C5E0 = {
						CreatedOnToolsVersion = 10.1;
					};
					FB23A5E2222FB91D0096C5E0 = {
						CreatedOnToolsVersion = 10.1;
						TestTargetID = FB23A5CE222FB91C0096C5E0;
					};
					FB23A5ED222FB91D0096C5E0 = {
						CreatedOnToolsVersion = 10.1;
						TestTargetID = FB23A5CE222FB91C0096C5E0;
					};
				};
			};
			buildConfigurationList = FB23A5CA222FB91C0096C5E0 /* Build configuration list for PBXProject "ToDoApp" */;
			compatibilityVersion = "Xcode 9.3";
			developmentRegion = en;
			hasScannedForEncodings = 0;
			knownRegions = (
				en,
				Base,
			);
			mainGroup = FB23A5C6222FB91C0096C5E0;
			productRefGroup = FB23A5D0222FB91C0096C5E0 /* Products */;
			projectDirPath = "";
			projectRoot = "";
			targets = (
				FB23A5CE222FB91C0096C5E0 /* ToDoApp */,
				FB23A5E2222FB91D0096C5E0 /* ToDoAppTests */,
				FB23A5ED222FB91D0096C5E0 /* ToDoAppUITests */,
			);
		};
/* End PBXProject section */

/* Begin PBXResourcesBuildPhase section */
		FB23A5CD222FB91C0096C5E0 /* Resources */ = {
			isa = PBXResourcesBuildPhase;
			buildActionMask = 2147483647;
			files = (
				FB23A5DD222FB91C0096C5E0 /* LaunchScreen.storyboard in Resources */,
				FB23A5DA222FB91C0096C5E0 /* Assets.xcassets in Resources */,
				FB23A5D8222FB91C0096C5E0 /* Main.storyboard in Resources */,
			);
			runOnlyForDeploymentPostprocessing = 0;
		};
		FB23A5E1222FB91D0096C5E0 /* Resources */ = {
			isa = PBXResourcesBuildPhase;
			buildActionMask = 2147483647;
			files = (
			);
			runOnlyForDeploymentPostprocessing = 0;
		};
		FB23A5EC222FB91D0096C5E0 /* Resources */ = {
			isa = PBXResourcesBuildPhase;
			buildActionMask = 2147483647;
			files = (
			);
			runOnlyForDeploymentPostprocessing = 0;
		};
/* End PBXResourcesBuildPhase section */

/* Begin PBXSourcesBuildPhase section */
		FB23A5CB222FB91C0096C5E0 /* Sources */ = {
			isa = PBXSourcesBuildPhase;
			buildActionMask = 2147483647;
			files = (
				FB23A617223107050096C5E0 /* DataProvider.swift in Sources */,
				FB23A61B22312E9E0096C5E0 /* TaskCell.swift in Sources */,
				FB23A5D5222FB91C0096C5E0 /* TaskListViewController.swift in Sources */,
				FB23A608222FD75C0096C5E0 /* Task.swift in Sources */,
				FB95058A2237ADDB00DB4928 /* NewTaskViewController.swift in Sources */,
				FB23A6122230F9C20096C5E0 /* TaskManager.swift in Sources */,
				FB23A60A222FDACD0096C5E0 /* Location.swift in Sources */,
				FB23A5D3222FB91C0096C5E0 /* AppDelegate.swift in Sources */,
				FB12F14622378E750018B475 /* DetailViewController.swift in Sources */,
			);
			runOnlyForDeploymentPostprocessing = 0;
		};
		FB23A5DF222FB91D0096C5E0 /* Sources */ = {
			isa = PBXSourcesBuildPhase;
			buildActionMask = 2147483647;
			files = (
				FB23A605222FD6D00096C5E0 /* TaskTest.swift in Sources */,
				FB23A60C2230F58E0096C5E0 /* LocationTests.swift in Sources */,
				FB12F13522367E0A0018B475 /* TaskCellTests.swift in Sources */,
				FB9505882237ACAC00DB4928 /* NewTaskViewControllerTests.swift in Sources */,
				FB23A619223126A90096C5E0 /* DataProviderTests.swift in Sources */,
				FB23A60F2230F9330096C5E0 /* TaskManagerTests.swift in Sources */,
				FB23A615223103A00096C5E0 /* TaskListViewControllerTests.swift in Sources */,
				FB23A5E8222FB91D0096C5E0 /* ToDoAppTests.swift in Sources */,
				FB12F14422378DB70018B475 /* DetailViewControllerTests.swift in Sources */,
			);
			runOnlyForDeploymentPostprocessing = 0;
		};
		FB23A5EA222FB91D0096C5E0 /* Sources */ = {
			isa = PBXSourcesBuildPhase;
			buildActionMask = 2147483647;
			files = (
				FB23A5F3222FB91D0096C5E0 /* ToDoAppUITests.swift in Sources */,
			);
			runOnlyForDeploymentPostprocessing = 0;
		};
/* End PBXSourcesBuildPhase section */

/* Begin PBXTargetDependency section */
		FB23A5E5222FB91D0096C5E0 /* PBXTargetDependency */ = {
			isa = PBXTargetDependency;
			target = FB23A5CE222FB91C0096C5E0 /* ToDoApp */;
			targetProxy = FB23A5E4222FB91D0096C5E0 /* PBXContainerItemProxy */;
		};
		FB23A5F0222FB91D0096C5E0 /* PBXTargetDependency */ = {
			isa = PBXTargetDependency;
			target = FB23A5CE222FB91C0096C5E0 /* ToDoApp */;
			targetProxy = FB23A5EF222FB91D0096C5E0 /* PBXContainerItemProxy */;
		};
/* End PBXTargetDependency section */

/* Begin PBXVariantGroup section */
		FB23A5D6222FB91C0096C5E0 /* Main.storyboard */ = {
			isa = PBXVariantGroup;
			children = (
				FB23A5D7222FB91C0096C5E0 /* Base */,
			);
			name = Main.storyboard;
			sourceTree = "<group>";
		};
		FB23A5DB222FB91C0096C5E0 /* LaunchScreen.storyboard */ = {
			isa = PBXVariantGroup;
			children = (
				FB23A5DC222FB91C0096C5E0 /* Base */,
			);
			name = LaunchScreen.storyboard;
			sourceTree = "<group>";
		};
/* End PBXVariantGroup section */

/* Begin XCBuildConfiguration section */
		FB23A5F5222FB91D0096C5E0 /* Debug */ = {
			isa = XCBuildConfiguration;
			buildSettings = {
				ALWAYS_SEARCH_USER_PATHS = NO;
				CLANG_ANALYZER_NONNULL = YES;
				CLANG_ANALYZER_NUMBER_OBJECT_CONVERSION = YES_AGGRESSIVE;
				CLANG_CXX_LANGUAGE_STANDARD = "gnu++14";
				CLANG_CXX_LIBRARY = "libc++";
				CLANG_ENABLE_MODULES = YES;
				CLANG_ENABLE_OBJC_ARC = YES;
				CLANG_ENABLE_OBJC_WEAK = YES;
				CLANG_WARN_BLOCK_CAPTURE_AUTORELEASING = YES;
				CLANG_WARN_BOOL_CONVERSION = YES;
				CLANG_WARN_COMMA = YES;
				CLANG_WARN_CONSTANT_CONVERSION = YES;
				CLANG_WARN_DEPRECATED_OBJC_IMPLEMENTATIONS = YES;
				CLANG_WARN_DIRECT_OBJC_ISA_USAGE = YES_ERROR;
				CLANG_WARN_DOCUMENTATION_COMMENTS = YES;
				CLANG_WARN_EMPTY_BODY = YES;
				CLANG_WARN_ENUM_CONVERSION = YES;
				CLANG_WARN_INFINITE_RECURSION = YES;
				CLANG_WARN_INT_CONVERSION = YES;
				CLANG_WARN_NON_LITERAL_NULL_CONVERSION = YES;
				CLANG_WARN_OBJC_IMPLICIT_RETAIN_SELF = YES;
				CLANG_WARN_OBJC_LITERAL_CONVERSION = YES;
				CLANG_WARN_OBJC_ROOT_CLASS = YES_ERROR;
				CLANG_WARN_RANGE_LOOP_ANALYSIS = YES;
				CLANG_WARN_STRICT_PROTOTYPES = YES;
				CLANG_WARN_SUSPICIOUS_MOVE = YES;
				CLANG_WARN_UNGUARDED_AVAILABILITY = YES_AGGRESSIVE;
				CLANG_WARN_UNREACHABLE_CODE = YES;
				CLANG_WARN__DUPLICATE_METHOD_MATCH = YES;
				CODE_SIGN_IDENTITY = "iPhone Developer";
				COPY_PHASE_STRIP = NO;
				DEBUG_INFORMATION_FORMAT = dwarf;
				ENABLE_STRICT_OBJC_MSGSEND = YES;
				ENABLE_TESTABILITY = YES;
				GCC_C_LANGUAGE_STANDARD = gnu11;
				GCC_DYNAMIC_NO_PIC = NO;
				GCC_NO_COMMON_BLOCKS = YES;
				GCC_OPTIMIZATION_LEVEL = 0;
				GCC_PREPROCESSOR_DEFINITIONS = (
					"DEBUG=1",
					"$(inherited)",
				);
				GCC_WARN_64_TO_32_BIT_CONVERSION = YES;
				GCC_WARN_ABOUT_RETURN_TYPE = YES_ERROR;
				GCC_WARN_UNDECLARED_SELECTOR = YES;
				GCC_WARN_UNINITIALIZED_AUTOS = YES_AGGRESSIVE;
				GCC_WARN_UNUSED_FUNCTION = YES;
				GCC_WARN_UNUSED_VARIABLE = YES;
				IPHONEOS_DEPLOYMENT_TARGET = 12.1;
				MTL_ENABLE_DEBUG_INFO = INCLUDE_SOURCE;
				MTL_FAST_MATH = YES;
				ONLY_ACTIVE_ARCH = YES;
				SDKROOT = iphoneos;
				SWIFT_ACTIVE_COMPILATION_CONDITIONS = DEBUG;
				SWIFT_OPTIMIZATION_LEVEL = "-Onone";
			};
			name = Debug;
		};
		FB23A5F6222FB91D0096C5E0 /* Release */ = {
			isa = XCBuildConfiguration;
			buildSettings = {
				ALWAYS_SEARCH_USER_PATHS = NO;
				CLANG_ANALYZER_NONNULL = YES;
				CLANG_ANALYZER_NUMBER_OBJECT_CONVERSION = YES_AGGRESSIVE;
				CLANG_CXX_LANGUAGE_STANDARD = "gnu++14";
				CLANG_CXX_LIBRARY = "libc++";
				CLANG_ENABLE_MODULES = YES;
				CLANG_ENABLE_OBJC_ARC = YES;
				CLANG_ENABLE_OBJC_WEAK = YES;
				CLANG_WARN_BLOCK_CAPTURE_AUTORELEASING = YES;
				CLANG_WARN_BOOL_CONVERSION = YES;
				CLANG_WARN_COMMA = YES;
				CLANG_WARN_CONSTANT_CONVERSION = YES;
				CLANG_WARN_DEPRECATED_OBJC_IMPLEMENTATIONS = YES;
				CLANG_WARN_DIRECT_OBJC_ISA_USAGE = YES_ERROR;
				CLANG_WARN_DOCUMENTATION_COMMENTS = YES;
				CLANG_WARN_EMPTY_BODY = YES;
				CLANG_WARN_ENUM_CONVERSION = YES;
				CLANG_WARN_INFINITE_RECURSION = YES;
				CLANG_WARN_INT_CONVERSION = YES;
				CLANG_WARN_NON_LITERAL_NULL_CONVERSION = YES;
				CLANG_WARN_OBJC_IMPLICIT_RETAIN_SELF = YES;
				CLANG_WARN_OBJC_LITERAL_CONVERSION = YES;
				CLANG_WARN_OBJC_ROOT_CLASS = YES_ERROR;
				CLANG_WARN_RANGE_LOOP_ANALYSIS = YES;
				CLANG_WARN_STRICT_PROTOTYPES = YES;
				CLANG_WARN_SUSPICIOUS_MOVE = YES;
				CLANG_WARN_UNGUARDED_AVAILABILITY = YES_AGGRESSIVE;
				CLANG_WARN_UNREACHABLE_CODE = YES;
				CLANG_WARN__DUPLICATE_METHOD_MATCH = YES;
				CODE_SIGN_IDENTITY = "iPhone Developer";
				COPY_PHASE_STRIP = NO;
				DEBUG_INFORMATION_FORMAT = "dwarf-with-dsym";
				ENABLE_NS_ASSERTIONS = NO;
				ENABLE_STRICT_OBJC_MSGSEND = YES;
				GCC_C_LANGUAGE_STANDARD = gnu11;
				GCC_NO_COMMON_BLOCKS = YES;
				GCC_WARN_64_TO_32_BIT_CONVERSION = YES;
				GCC_WARN_ABOUT_RETURN_TYPE = YES_ERROR;
				GCC_WARN_UNDECLARED_SELECTOR = YES;
				GCC_WARN_UNINITIALIZED_AUTOS = YES_AGGRESSIVE;
				GCC_WARN_UNUSED_FUNCTION = YES;
				GCC_WARN_UNUSED_VARIABLE = YES;
				IPHONEOS_DEPLOYMENT_TARGET = 12.1;
				MTL_ENABLE_DEBUG_INFO = NO;
				MTL_FAST_MATH = YES;
				SDKROOT = iphoneos;
				SWIFT_COMPILATION_MODE = wholemodule;
				SWIFT_OPTIMIZATION_LEVEL = "-O";
				VALIDATE_PRODUCT = YES;
			};
			name = Release;
		};
		FB23A5F8222FB91D0096C5E0 /* Debug */ = {
			isa = XCBuildConfiguration;
			buildSettings = {
				ASSETCATALOG_COMPILER_APPICON_NAME = AppIcon;
				CODE_SIGN_STYLE = Automatic;
				DEVELOPMENT_TEAM = GYWWW55376;
				INFOPLIST_FILE = "$(SRCROOT)/ToDoApp/Supporting files/Info.plist";
				LD_RUNPATH_SEARCH_PATHS = (
					"$(inherited)",
					"@executable_path/Frameworks",
				);
				PRODUCT_BUNDLE_IDENTIFIER = com.mcmikius.ToDoApp;
				PRODUCT_NAME = "$(TARGET_NAME)";
				SWIFT_VERSION = 4.2;
				TARGETED_DEVICE_FAMILY = "1,2";
			};
			name = Debug;
		};
		FB23A5F9222FB91D0096C5E0 /* Release */ = {
			isa = XCBuildConfiguration;
			buildSettings = {
				ASSETCATALOG_COMPILER_APPICON_NAME = AppIcon;
				CODE_SIGN_STYLE = Automatic;
				DEVELOPMENT_TEAM = GYWWW55376;
				INFOPLIST_FILE = "$(SRCROOT)/ToDoApp/Supporting files/Info.plist";
				LD_RUNPATH_SEARCH_PATHS = (
					"$(inherited)",
					"@executable_path/Frameworks",
				);
				PRODUCT_BUNDLE_IDENTIFIER = com.mcmikius.ToDoApp;
				PRODUCT_NAME = "$(TARGET_NAME)";
				SWIFT_VERSION = 4.2;
				TARGETED_DEVICE_FAMILY = "1,2";
			};
			name = Release;
		};
		FB23A5FB222FB91D0096C5E0 /* Debug */ = {
			isa = XCBuildConfiguration;
			buildSettings = {
				ALWAYS_EMBED_SWIFT_STANDARD_LIBRARIES = YES;
				BUNDLE_LOADER = "$(TEST_HOST)";
				CODE_SIGN_STYLE = Automatic;
				DEVELOPMENT_TEAM = GYWWW55376;
				INFOPLIST_FILE = ToDoAppTests/Info.plist;
				LD_RUNPATH_SEARCH_PATHS = (
					"$(inherited)",
					"@executable_path/Frameworks",
					"@loader_path/Frameworks",
				);
				PRODUCT_BUNDLE_IDENTIFIER = com.mcmikius.ToDoAppTests;
				PRODUCT_NAME = "$(TARGET_NAME)";
				SWIFT_VERSION = 4.2;
				TARGETED_DEVICE_FAMILY = "1,2";
				TEST_HOST = "$(BUILT_PRODUCTS_DIR)/ToDoApp.app/ToDoApp";
			};
			name = Debug;
		};
		FB23A5FC222FB91D0096C5E0 /* Release */ = {
			isa = XCBuildConfiguration;
			buildSettings = {
				ALWAYS_EMBED_SWIFT_STANDARD_LIBRARIES = YES;
				BUNDLE_LOADER = "$(TEST_HOST)";
				CODE_SIGN_STYLE = Automatic;
				DEVELOPMENT_TEAM = GYWWW55376;
				INFOPLIST_FILE = ToDoAppTests/Info.plist;
				LD_RUNPATH_SEARCH_PATHS = (
					"$(inherited)",
					"@executable_path/Frameworks",
					"@loader_path/Frameworks",
				);
				PRODUCT_BUNDLE_IDENTIFIER = com.mcmikius.ToDoAppTests;
				PRODUCT_NAME = "$(TARGET_NAME)";
				SWIFT_VERSION = 4.2;
				TARGETED_DEVICE_FAMILY = "1,2";
				TEST_HOST = "$(BUILT_PRODUCTS_DIR)/ToDoApp.app/ToDoApp";
			};
			name = Release;
		};
		FB23A5FE222FB91D0096C5E0 /* Debug */ = {
			isa = XCBuildConfiguration;
			buildSettings = {
				ALWAYS_EMBED_SWIFT_STANDARD_LIBRARIES = YES;
				CODE_SIGN_STYLE = Automatic;
				DEVELOPMENT_TEAM = GYWWW55376;
				INFOPLIST_FILE = ToDoAppUITests/Info.plist;
				LD_RUNPATH_SEARCH_PATHS = (
					"$(inherited)",
					"@executable_path/Frameworks",
					"@loader_path/Frameworks",
				);
				PRODUCT_BUNDLE_IDENTIFIER = com.mcmikius.ToDoAppUITests;
				PRODUCT_NAME = "$(TARGET_NAME)";
				SWIFT_VERSION = 4.2;
				TARGETED_DEVICE_FAMILY = "1,2";
				TEST_TARGET_NAME = ToDoApp;
			};
			name = Debug;
		};
		FB23A5FF222FB91D0096C5E0 /* Release */ = {
			isa = XCBuildConfiguration;
			buildSettings = {
				ALWAYS_EMBED_SWIFT_STANDARD_LIBRARIES = YES;
				CODE_SIGN_STYLE = Automatic;
				DEVELOPMENT_TEAM = GYWWW55376;
				INFOPLIST_FILE = ToDoAppUITests/Info.plist;
				LD_RUNPATH_SEARCH_PATHS = (
					"$(inherited)",
					"@executable_path/Frameworks",
					"@loader_path/Frameworks",
				);
				PRODUCT_BUNDLE_IDENTIFIER = com.mcmikius.ToDoAppUITests;
				PRODUCT_NAME = "$(TARGET_NAME)";
				SWIFT_VERSION = 4.2;
				TARGETED_DEVICE_FAMILY = "1,2";
				TEST_TARGET_NAME = ToDoApp;
			};
			name = Release;
		};
/* End XCBuildConfiguration section */

/* Begin XCConfigurationList section */
		FB23A5CA222FB91C0096C5E0 /* Build configuration list for PBXProject "ToDoApp" */ = {
			isa = XCConfigurationList;
			buildConfigurations = (
				FB23A5F5222FB91D0096C5E0 /* Debug */,
				FB23A5F6222FB91D0096C5E0 /* Release */,
			);
			defaultConfigurationIsVisible = 0;
			defaultConfigurationName = Release;
		};
		FB23A5F7222FB91D0096C5E0 /* Build configuration list for PBXNativeTarget "ToDoApp" */ = {
			isa = XCConfigurationList;
			buildConfigurations = (
				FB23A5F8222FB91D0096C5E0 /* Debug */,
				FB23A5F9222FB91D0096C5E0 /* Release */,
			);
			defaultConfigurationIsVisible = 0;
			defaultConfigurationName = Release;
		};
		FB23A5FA222FB91D0096C5E0 /* Build configuration list for PBXNativeTarget "ToDoAppTests" */ = {
			isa = XCConfigurationList;
			buildConfigurations = (
				FB23A5FB222FB91D0096C5E0 /* Debug */,
				FB23A5FC222FB91D0096C5E0 /* Release */,
			);
			defaultConfigurationIsVisible = 0;
			defaultConfigurationName = Release;
		};
		FB23A5FD222FB91D0096C5E0 /* Build configuration list for PBXNativeTarget "ToDoAppUITests" */ = {
			isa = XCConfigurationList;
			buildConfigurations = (
				FB23A5FE222FB91D0096C5E0 /* Debug */,
				FB23A5FF222FB91D0096C5E0 /* Release */,
			);
			defaultConfigurationIsVisible = 0;
			defaultConfigurationName = Release;
		};
/* End XCConfigurationList section */
	};
	rootObject = FB23A5C7222FB91C0096C5E0 /* Project object */;
}
